
Microsoft Visual Studio Solution File, Format Version 12.00
# Visual Studio Version 17
VisualStudioVersion = 17.2.32616.157
MinimumVisualStudioVersion = 10.0.40219.1
Project("{FAE04EC0-301F-11D3-BF4B-00C04F79EFBC}") = "Baraja Española", "Baraja Española\Baraja Española.csproj", "{CCAD0599-F6E8-4FF9-8541-6E737D921D91}"
EndProject
Global
	GlobalSection(SolutionConfigurationPlatforms) = preSolution
		Debug|Any CPU = Debug|Any CPU
		Release|Any CPU = Release|Any CPU
	EndGlobalSection
	GlobalSection(ProjectConfigurationPlatforms) = postSolution
		{CCAD0599-F6E8-4FF9-8541-6E737D921D91}.Debug|Any CPU.ActiveCfg = Debug|Any CPU
		{CCAD0599-F6E8-4FF9-8541-6E737D921D91}.Debug|Any CPU.Build.0 = Debug|Any CPU
		{CCAD0599-F6E8-4FF9-8541-6E737D921D91}.Release|Any CPU.ActiveCfg = Release|Any CPU
		{CCAD0599-F6E8-4FF9-8541-6E737D921D91}.Release|Any CPU.Build.0 = Release|Any CPU
	EndGlobalSection
	GlobalSection(SolutionProperties) = preSolution
		HideSolutionNode = FALSE
	EndGlobalSection
	GlobalSection(ExtensibilityGlobals) = postSolution
		SolutionGuid = {ACEE1262-16B8-42E7-8438-12042106D84E}
	EndGlobalSection
EndGlobal
