
Microsoft Visual Studio Solution File, Format Version 12.00
# Visual Studio Version 17
VisualStudioVersion = 17.2.32526.322
MinimumVisualStudioVersion = 10.0.40219.1
Project("{FAE04EC0-301F-11D3-BF4B-00C04F79EFBC}") = "Billetera", "Billetera\Billetera.csproj", "{38FC4631-889F-4A91-9DED-94FDB6405466}"
EndProject
Global
	GlobalSection(SolutionConfigurationPlatforms) = preSolution
		Debug|Any CPU = Debug|Any CPU
		Release|Any CPU = Release|Any CPU
	EndGlobalSection
	GlobalSection(ProjectConfigurationPlatforms) = postSolution
		{38FC4631-889F-4A91-9DED-94FDB6405466}.Debug|Any CPU.ActiveCfg = Debug|Any CPU
		{38FC4631-889F-4A91-9DED-94FDB6405466}.Debug|Any CPU.Build.0 = Debug|Any CPU
		{38FC4631-889F-4A91-9DED-94FDB6405466}.Release|Any CPU.ActiveCfg = Release|Any CPU
		{38FC4631-889F-4A91-9DED-94FDB6405466}.Release|Any CPU.Build.0 = Release|Any CPU
	EndGlobalSection
	GlobalSection(SolutionProperties) = preSolution
		HideSolutionNode = FALSE
	EndGlobalSection
	GlobalSection(ExtensibilityGlobals) = postSolution
		SolutionGuid = {D2653339-7207-4A32-9C03-3928647943C9}
	EndGlobalSection
EndGlobal
